
Microsoft Visual Studio Solution File, Format Version 12.00
# Visual Studio 15
VisualStudioVersion = 15.0.28307.1062
MinimumVisualStudioVersion = 10.0.40219.1
Project("{FAE04EC0-301F-11D3-BF4B-00C04F79EFBC}") = "Zadatak_1", "Zadatak_1\Zadatak_1.csproj", "{C8B29616-20BB-4896-AAF8-9B671FAE18FA}"
EndProject
Global
	GlobalSection(SolutionConfigurationPlatforms) = preSolution
		Debug|Any CPU = Debug|Any CPU
		Release|Any CPU = Release|Any CPU
	EndGlobalSection
	GlobalSection(ProjectConfigurationPlatforms) = postSolution
		{C8B29616-20BB-4896-AAF8-9B671FAE18FA}.Debug|Any CPU.ActiveCfg = Debug|Any CPU
		{C8B29616-20BB-4896-AAF8-9B671FAE18FA}.Debug|Any CPU.Build.0 = Debug|Any CPU
		{C8B29616-20BB-4896-AAF8-9B671FAE18FA}.Release|Any CPU.ActiveCfg = Release|Any CPU
		{C8B29616-20BB-4896-AAF8-9B671FAE18FA}.Release|Any CPU.Build.0 = Release|Any CPU
	EndGlobalSection
	GlobalSection(SolutionProperties) = preSolution
		HideSolutionNode = FALSE
	EndGlobalSection
	GlobalSection(ExtensibilityGlobals) = postSolution
		SolutionGuid = {3E495E3B-8CED-457E-A443-D2D26E22727A}
	EndGlobalSection
EndGlobal
